
Microsoft Visual Studio Solution File, Format Version 12.00
# Visual Studio Version 17
VisualStudioVersion = 17.13.35919.96 d17.13
MinimumVisualStudioVersion = 10.0.40219.1
Project("{FAE04EC0-301F-11D3-BF4B-00C04F79EFBC}") = "First.ConsoleApp", "First.ConsoleApp\First.ConsoleApp.csproj", "{8C4A202C-1161-471F-9469-AD5646909CFE}"
EndProject
Global
	GlobalSection(SolutionConfigurationPlatforms) = preSolution
		Debug|Any CPU = Debug|Any CPU
		Release|Any CPU = Release|Any CPU
	EndGlobalSection
	GlobalSection(ProjectConfigurationPlatforms) = postSolution
		{8C4A202C-1161-471F-9469-AD5646909CFE}.Debug|Any CPU.ActiveCfg = Debug|Any CPU
		{8C4A202C-1161-471F-9469-AD5646909CFE}.Debug|Any CPU.Build.0 = Debug|Any CPU
		{8C4A202C-1161-471F-9469-AD5646909CFE}.Release|Any CPU.ActiveCfg = Release|Any CPU
		{8C4A202C-1161-471F-9469-AD5646909CFE}.Release|Any CPU.Build.0 = Release|Any CPU
	EndGlobalSection
	GlobalSection(SolutionProperties) = preSolution
		HideSolutionNode = FALSE
	EndGlobalSection
	GlobalSection(ExtensibilityGlobals) = postSolution
		SolutionGuid = {B14600B2-09F0-48B6-84BF-065285F64865}
	EndGlobalSection
EndGlobal
